
Microsoft Visual Studio Solution File, Format Version 12.00
# Visual Studio 14
VisualStudioVersion = 14.0.23107.0
MinimumVisualStudioVersion = 10.0.40219.1
Project("{2150E333-8FDC-42A3-9474-1A3956D46DE8}") = "Solution Items", "Solution Items", "{24C30C31-DC15-45FF-9F58-D6A7229184D4}"
	ProjectSection(SolutionItems) = preProject
		..\.gitignore = ..\.gitignore
		..\README.md = ..\README.md
	EndProjectSection
EndProject
Project("{FAE04EC0-301F-11D3-BF4B-00C04F79EFBC}") = "Mogul.Interceptor.Base", "Mogul.Interceptor.Base\Mogul.Interceptor.Base.csproj", "{9455C2F2-677B-427F-A400-9284EA6E5F58}"
EndProject
Project("{FAE04EC0-301F-11D3-BF4B-00C04F79EFBC}") = "Mogul.Interceptor.Logging", "Mogul.Interceptor.Logging\Mogul.Interceptor.Logging.csproj", "{D3D3556F-C595-4311-9386-25C7DEEF3A8D}"
EndProject
Project("{FAE04EC0-301F-11D3-BF4B-00C04F79EFBC}") = "Mogul.Interceptor.Cache", "Mogul.Interceptor.Cache\Mogul.Interceptor.Cache.csproj", "{23D53073-1383-468F-9224-5F944FC963E2}"
EndProject
Global
	GlobalSection(SolutionConfigurationPlatforms) = preSolution
		Debug|Any CPU = Debug|Any CPU
		Release|Any CPU = Release|Any CPU
	EndGlobalSection
	GlobalSection(ProjectConfigurationPlatforms) = postSolution
		{9455C2F2-677B-427F-A400-9284EA6E5F58}.Debug|Any CPU.ActiveCfg = Debug|Any CPU
		{9455C2F2-677B-427F-A400-9284EA6E5F58}.Debug|Any CPU.Build.0 = Debug|Any CPU
		{9455C2F2-677B-427F-A400-9284EA6E5F58}.Release|Any CPU.ActiveCfg = Release|Any CPU
		{9455C2F2-677B-427F-A400-9284EA6E5F58}.Release|Any CPU.Build.0 = Release|Any CPU
		{D3D3556F-C595-4311-9386-25C7DEEF3A8D}.Debug|Any CPU.ActiveCfg = Debug|Any CPU
		{D3D3556F-C595-4311-9386-25C7DEEF3A8D}.Debug|Any CPU.Build.0 = Debug|Any CPU
		{D3D3556F-C595-4311-9386-25C7DEEF3A8D}.Release|Any CPU.ActiveCfg = Release|Any CPU
		{D3D3556F-C595-4311-9386-25C7DEEF3A8D}.Release|Any CPU.Build.0 = Release|Any CPU
		{23D53073-1383-468F-9224-5F944FC963E2}.Debug|Any CPU.ActiveCfg = Debug|Any CPU
		{23D53073-1383-468F-9224-5F944FC963E2}.Debug|Any CPU.Build.0 = Debug|Any CPU
		{23D53073-1383-468F-9224-5F944FC963E2}.Release|Any CPU.ActiveCfg = Release|Any CPU
		{23D53073-1383-468F-9224-5F944FC963E2}.Release|Any CPU.Build.0 = Release|Any CPU
	EndGlobalSection
	GlobalSection(SolutionProperties) = preSolution
		HideSolutionNode = FALSE
	EndGlobalSection
EndGlobal
